
Microsoft Visual Studio Solution File, Format Version 12.00
# Visual Studio 15
Project("{FAE04EC0-301F-11D3-BF4B-00C04F79EFBC}") = "Assembly-CSharp", "Assembly-CSharp.csproj", "{4504DBD6-4CE6-F008-8537-7CEDE86BBAD9}"
EndProject
Global
	GlobalSection(SolutionConfigurationPlatforms) = preSolution
		Debug|Any CPU = Debug|Any CPU
		Release|Any CPU = Release|Any CPU
	EndGlobalSection
	GlobalSection(ProjectConfigurationPlatforms) = postSolution
		{4504DBD6-4CE6-F008-8537-7CEDE86BBAD9}.Debug|Any CPU.ActiveCfg = Debug|Any CPU
		{4504DBD6-4CE6-F008-8537-7CEDE86BBAD9}.Debug|Any CPU.Build.0 = Debug|Any CPU
		{4504DBD6-4CE6-F008-8537-7CEDE86BBAD9}.Release|Any CPU.ActiveCfg = Release|Any CPU
		{4504DBD6-4CE6-F008-8537-7CEDE86BBAD9}.Release|Any CPU.Build.0 = Release|Any CPU
	EndGlobalSection
	GlobalSection(SolutionProperties) = preSolution
		HideSolutionNode = FALSE
	EndGlobalSection
EndGlobal
